// !$*UTF8*$!
{
	archiveVersion = 1;
	classes = {
	};
	objectVersion = 46;
	objects = {

/* Begin PBXBuildFile section */
		ED8E4EDB1DAA96C6009F3DC6 /* main.c in Sources */ = {isa = PBXBuildFile; fileRef = ED8E4EDA1DAA96C6009F3DC6 /* main.c */; };
		ED8E4EE61DAAC6DF009F3DC6 /* tour.c in Sources */ = {isa = PBXBuildFile; fileRef = ED8E4EE41DAAC6DF009F3DC6 /* tour.c */; };
/* End PBXBuildFile section */

/* Begin PBXCopyFilesBuildPhase section */
		ED8E4ED51DAA96C6009F3DC6 /* CopyFiles */ = {
			isa = PBXCopyFilesBuildPhase;
			buildActionMask = 2147483647;
			dstPath = /usr/share/man/man1/;
			dstSubfolderSpec = 0;
			files = (
			);
			runOnlyForDeploymentPostprocessing = 1;
		};
/* End PBXCopyFilesBuildPhase section */

/* Begin PBXFileReference section */
		ED8E4ED71DAA96C6009F3DC6 /* SOP Otimizacao */ = {isa = PBXFileReference; explicitFileType = "compiled.mach-o.executable"; includeInIndex = 0; path = "SOP Otimizacao"; sourceTree = BUILT_PRODUCTS_DIR; };
		ED8E4EDA1DAA96C6009F3DC6 /* main.c */ = {isa = PBXFileReference; lastKnownFileType = sourcecode.c.c; path = main.c; sourceTree = "<group>"; };
		ED8E4EE41DAAC6DF009F3DC6 /* tour.c */ = {isa = PBXFileReference; fileEncoding = 4; lastKnownFileType = sourcecode.c.c; path = tour.c; sourceTree = "<group>"; };
		ED8E4EE51DAAC6DF009F3DC6 /* tour.h */ = {isa = PBXFileReference; fileEncoding = 4; lastKnownFileType = sourcecode.c.h; path = tour.h; sourceTree = "<group>"; };
/* End PBXFileReference section */

/* Begin PBXFrameworksBuildPhase section */
		ED8E4ED41DAA96C6009F3DC6 /* Frameworks */ = {
			isa = PBXFrameworksBuildPhase;
			buildActionMask = 2147483647;
			files = (
			);
			runOnlyForDeploymentPostprocessing = 0;
		};
/* End PBXFrameworksBuildPhase section */

/* Begin PBXGroup section */
		ED8E4ECE1DAA96C6009F3DC6 = {
			isa = PBXGroup;
			children = (
				ED8E4ED91DAA96C6009F3DC6 /* SOP Otimizacao */,
				ED8E4ED81DAA96C6009F3DC6 /* Products */,
			);
			sourceTree = "<group>";
		};
		ED8E4ED81DAA96C6009F3DC6 /* Products */ = {
			isa = PBXGroup;
			children = (
				ED8E4ED71DAA96C6009F3DC6 /* SOP Otimizacao */,
			);
			name = Products;
			sourceTree = "<group>";
		};
		ED8E4ED91DAA96C6009F3DC6 /* SOP Otimizacao */ = {
			isa = PBXGroup;
			children = (
				ED8E4EDA1DAA96C6009F3DC6 /* main.c */,
				ED8E4EE41DAAC6DF009F3DC6 /* tour.c */,
				ED8E4EE51DAAC6DF009F3DC6 /* tour.h */,
			);
			path = "SOP Otimizacao";
			sourceTree = "<group>";
		};
/* End PBXGroup section */

/* Begin PBXNativeTarget section */
		ED8E4ED61DAA96C6009F3DC6 /* SOP Otimizacao */ = {
			isa = PBXNativeTarget;
			buildConfigurationList = ED8E4EDE1DAA96C6009F3DC6 /* Build configuration list for PBXNativeTarget "SOP Otimizacao" */;
			buildPhases = (
				ED8E4ED31DAA96C6009F3DC6 /* Sources */,
				ED8E4ED41DAA96C6009F3DC6 /* Frameworks */,
				ED8E4ED51DAA96C6009F3DC6 /* CopyFiles */,
			);
			buildRules = (
			);
			dependencies = (
			);
			name = "SOP Otimizacao";
			productName = "SOP Otimizacao";
			productReference = ED8E4ED71DAA96C6009F3DC6 /* SOP Otimizacao */;
			productType = "com.apple.product-type.tool";
		};
/* End PBXNativeTarget section */

/* Begin PBXProject section */
		ED8E4ECF1DAA96C6009F3DC6 /* Project object */ = {
			isa = PBXProject;
			attributes = {
				LastUpgradeCheck = 0730;
				ORGANIZATIONNAME = "Fernando Spaniol";
				TargetAttributes = {
					ED8E4ED61DAA96C6009F3DC6 = {
						CreatedOnToolsVersion = 7.3.1;
					};
				};
			};
			buildConfigurationList = ED8E4ED21DAA96C6009F3DC6 /* Build configuration list for PBXProject "SOP Otimizacao" */;
			compatibilityVersion = "Xcode 3.2";
			developmentRegion = English;
			hasScannedForEncodings = 0;
			knownRegions = (
				en,
			);
			mainGroup = ED8E4ECE1DAA96C6009F3DC6;
			productRefGroup = ED8E4ED81DAA96C6009F3DC6 /* Products */;
			projectDirPath = "";
			projectRoot = "";
			targets = (
				ED8E4ED61DAA96C6009F3DC6 /* SOP Otimizacao */,
			);
		};
/* End PBXProject section */

/* Begin PBXSourcesBuildPhase section */
		ED8E4ED31DAA96C6009F3DC6 /* Sources */ = {
			isa = PBXSourcesBuildPhase;
			buildActionMask = 2147483647;
			files = (
				ED8E4EDB1DAA96C6009F3DC6 /* main.c in Sources */,
				ED8E4EE61DAAC6DF009F3DC6 /* tour.c in Sources */,
			);
			runOnlyForDeploymentPostprocessing = 0;
		};
/* End PBXSourcesBuildPhase section */

/* Begin XCBuildConfiguration section */
		ED8E4EDC1DAA96C6009F3DC6 /* Debug */ = {
			isa = XCBuildConfiguration;
			buildSettings = {
				ALWAYS_SEARCH_USER_PATHS = NO;
				CLANG_ANALYZER_NONNULL = YES;
				CLANG_CXX_LANGUAGE_STANDARD = "gnu++0x";
				CLANG_CXX_LIBRARY = "libc++";
				CLANG_ENABLE_MODULES = YES;
				CLANG_ENABLE_OBJC_ARC = YES;
				CLANG_WARN_BOOL_CONVERSION = YES;
				CLANG_WARN_CONSTANT_CONVERSION = YES;
				CLANG_WARN_DIRECT_OBJC_ISA_USAGE = YES_ERROR;
				CLANG_WARN_EMPTY_BODY = YES;
				CLANG_WARN_ENUM_CONVERSION = YES;
				CLANG_WARN_INT_CONVERSION = YES;
				CLANG_WARN_OBJC_ROOT_CLASS = YES_ERROR;
				CLANG_WARN_UNREACHABLE_CODE = YES;
				CLANG_WARN__DUPLICATE_METHOD_MATCH = YES;
				CODE_SIGN_IDENTITY = "-";
				COPY_PHASE_STRIP = NO;
				DEBUG_INFORMATION_FORMAT = dwarf;
				ENABLE_STRICT_OBJC_MSGSEND = YES;
				ENABLE_TESTABILITY = YES;
				GCC_C_LANGUAGE_STANDARD = gnu99;
				GCC_DYNAMIC_NO_PIC = NO;
				GCC_NO_COMMON_BLOCKS = YES;
				GCC_OPTIMIZATION_LEVEL = 0;
				GCC_PREPROCESSOR_DEFINITIONS = (
					"DEBUG=1",
					"$(inherited)",
				);
				GCC_WARN_64_TO_32_BIT_CONVERSION = YES;
				GCC_WARN_ABOUT_RETURN_TYPE = YES_ERROR;
				GCC_WARN_UNDECLARED_SELECTOR = YES;
				GCC_WARN_UNINITIALIZED_AUTOS = YES_AGGRESSIVE;
				GCC_WARN_UNUSED_FUNCTION = YES;
				GCC_WARN_UNUSED_VARIABLE = YES;
				MACOSX_DEPLOYMENT_TARGET = 10.11;
				MTL_ENABLE_DEBUG_INFO = YES;
				ONLY_ACTIVE_ARCH = YES;
				SDKROOT = macosx;
			};
			name = Debug;
		};
		ED8E4EDD1DAA96C6009F3DC6 /* Release */ = {
			isa = XCBuildConfiguration;
			buildSettings = {
				ALWAYS_SEARCH_USER_PATHS = NO;
				CLANG_ANALYZER_NONNULL = YES;
				CLANG_CXX_LANGUAGE_STANDARD = "gnu++0x";
				CLANG_CXX_LIBRARY = "libc++";
				CLANG_ENABLE_MODULES = YES;
				CLANG_ENABLE_OBJC_ARC = YES;
				CLANG_WARN_BOOL_CONVERSION = YES;
				CLANG_WARN_CONSTANT_CONVERSION = YES;
				CLANG_WARN_DIRECT_OBJC_ISA_USAGE = YES_ERROR;
				CLANG_WARN_EMPTY_BODY = YES;
				CLANG_WARN_ENUM_CONVERSION = YES;
				CLANG_WARN_INT_CONVERSION = YES;
				CLANG_WARN_OBJC_ROOT_CLASS = YES_ERROR;
				CLANG_WARN_UNREACHABLE_CODE = YES;
				CLANG_WARN__DUPLICATE_METHOD_MATCH = YES;
				CODE_SIGN_IDENTITY = "-";
				COPY_PHASE_STRIP = NO;
				DEBUG_INFORMATION_FORMAT = "dwarf-with-dsym";
				ENABLE_NS_ASSERTIONS = NO;
				ENABLE_STRICT_OBJC_MSGSEND = YES;
				GCC_C_LANGUAGE_STANDARD = gnu99;
				GCC_NO_COMMON_BLOCKS = YES;
				GCC_WARN_64_TO_32_BIT_CONVERSION = YES;
				GCC_WARN_ABOUT_RETURN_TYPE = YES_ERROR;
				GCC_WARN_UNDECLARED_SELECTOR = YES;
				GCC_WARN_UNINITIALIZED_AUTOS = YES_AGGRESSIVE;
				GCC_WARN_UNUSED_FUNCTION = YES;
				GCC_WARN_UNUSED_VARIABLE = YES;
				MACOSX_DEPLOYMENT_TARGET = 10.11;
				MTL_ENABLE_DEBUG_INFO = NO;
				SDKROOT = macosx;
			};
			name = Release;
		};
		ED8E4EDF1DAA96C6009F3DC6 /* Debug */ = {
			isa = XCBuildConfiguration;
			buildSettings = {
				PRODUCT_NAME = "$(TARGET_NAME)";
			};
			name = Debug;
		};
		ED8E4EE01DAA96C6009F3DC6 /* Release */ = {
			isa = XCBuildConfiguration;
			buildSettings = {
				PRODUCT_NAME = "$(TARGET_NAME)";
			};
			name = Release;
		};
/* End XCBuildConfiguration section */

/* Begin XCConfigurationList section */
		ED8E4ED21DAA96C6009F3DC6 /* Build configuration list for PBXProject "SOP Otimizacao" */ = {
			isa = XCConfigurationList;
			buildConfigurations = (
				ED8E4EDC1DAA96C6009F3DC6 /* Debug */,
				ED8E4EDD1DAA96C6009F3DC6 /* Release */,
			);
			defaultConfigurationIsVisible = 0;
			defaultConfigurationName = Release;
		};
		ED8E4EDE1DAA96C6009F3DC6 /* Build configuration list for PBXNativeTarget "SOP Otimizacao" */ = {
			isa = XCConfigurationList;
			buildConfigurations = (
				ED8E4EDF1DAA96C6009F3DC6 /* Debug */,
				ED8E4EE01DAA96C6009F3DC6 /* Release */,
			);
			defaultConfigurationIsVisible = 0;
			defaultConfigurationName = Release;
		};
/* End XCConfigurationList section */
	};
	rootObject = ED8E4ECF1DAA96C6009F3DC6 /* Project object */;
}
